# This file is automatically @generated by Wally.
# It is not intended for manual editing.
registry = "test"

[[package]]
name = "creare/wos-mbee"
version = "0.1.0"
dependencies = [["fusion", "thecreare/fusion@0.4.0-dev1"]]

[[package]]
name = "thecreare/fusion"
version = "0.4.0-dev1"
dependencies = []
